
Microsoft Visual Studio Solution File, Format Version 12.00
# Visual Studio 15
VisualStudioVersion = 15.0.28307.1231
MinimumVisualStudioVersion = 10.0.40219.1
Project("{9092AA53-FB77-4645-B42D-1CCCA6BD08BD}") = "health_pass_demo", "health_pass_demo\health_pass_demo.njsproj", "{D5CCD578-A511-4BEA-80D4-30905057428B}"
EndProject
Global
	GlobalSection(SolutionConfigurationPlatforms) = preSolution
		Debug|Any CPU = Debug|Any CPU
		Release|Any CPU = Release|Any CPU
	EndGlobalSection
	GlobalSection(ProjectConfigurationPlatforms) = postSolution
		{D5CCD578-A511-4BEA-80D4-30905057428B}.Debug|Any CPU.ActiveCfg = Debug|Any CPU
		{D5CCD578-A511-4BEA-80D4-30905057428B}.Debug|Any CPU.Build.0 = Debug|Any CPU
		{D5CCD578-A511-4BEA-80D4-30905057428B}.Release|Any CPU.ActiveCfg = Release|Any CPU
		{D5CCD578-A511-4BEA-80D4-30905057428B}.Release|Any CPU.Build.0 = Release|Any CPU
	EndGlobalSection
	GlobalSection(SolutionProperties) = preSolution
		HideSolutionNode = FALSE
	EndGlobalSection
	GlobalSection(ExtensibilityGlobals) = postSolution
		SolutionGuid = {FF8406A5-E69B-4D9F-9FE7-C10FA1A4C727}
	EndGlobalSection
EndGlobal
